
Microsoft Visual Studio Solution File, Format Version 12.00
# Visual Studio Version 16
VisualStudioVersion = 16.0.30011.22
MinimumVisualStudioVersion = 10.0.40219.1
Project("{FAE04EC0-301F-11D3-BF4B-00C04F79EFBC}") = "providerUrlscan", "providerUrlscan\providerUrlscan.csproj", "{CAB840F5-BAD1-4D32-8C2A-8BB5DF3BB16D}"
EndProject
Project("{2150E333-8FDC-42A3-9474-1A3956D46DE8}") = ".solution", ".solution", "{9FC6ECA0-B6AF-4001-9584-63DDBD6101E0}"
	ProjectSection(SolutionItems) = preProject
		README.md = README.md
	EndProjectSection
EndProject
Global
	GlobalSection(SolutionConfigurationPlatforms) = preSolution
		Debug|Any CPU = Debug|Any CPU
		Release|Any CPU = Release|Any CPU
	EndGlobalSection
	GlobalSection(ProjectConfigurationPlatforms) = postSolution
		{CAB840F5-BAD1-4D32-8C2A-8BB5DF3BB16D}.Debug|Any CPU.ActiveCfg = Debug|Any CPU
		{CAB840F5-BAD1-4D32-8C2A-8BB5DF3BB16D}.Debug|Any CPU.Build.0 = Debug|Any CPU
		{CAB840F5-BAD1-4D32-8C2A-8BB5DF3BB16D}.Release|Any CPU.ActiveCfg = Release|Any CPU
		{CAB840F5-BAD1-4D32-8C2A-8BB5DF3BB16D}.Release|Any CPU.Build.0 = Release|Any CPU
	EndGlobalSection
	GlobalSection(SolutionProperties) = preSolution
		HideSolutionNode = FALSE
	EndGlobalSection
	GlobalSection(ExtensibilityGlobals) = postSolution
		SolutionGuid = {D1A2193F-DBEE-4E83-B7D0-E74DF00E9A41}
	EndGlobalSection
EndGlobal
